Microsoft Visual Studio Solution File, Format Version 12.00
# Visual Studio Version 17
VisualStudioVersion = 17.5.2.0
MinimumVisualStudioVersion = 10.0.40219.1
Project("{2150E333-8FDC-42A3-9474-1A3956D46DE8}") = "1", "1", "{449797D3-9F3B-7CFB-E584-21C71A569BC5}"
EndProject
Project("{2150E333-8FDC-42A3-9474-1A3956D46DE8}") = "10", "10", "{43248F13-1DCA-5F22-26C1-D82CF8A76A70}"
EndProject
Project("{2150E333-8FDC-42A3-9474-1A3956D46DE8}") = "11", "11", "{1864D61D-C755-22EE-C80E-6F847A25EF3E}"
EndProject
Project("{2150E333-8FDC-42A3-9474-1A3956D46DE8}") = "12", "12", "{8E546C1F-B761-C9BA-A18F-7677E224EB7B}"
EndProject
Project("{2150E333-8FDC-42A3-9474-1A3956D46DE8}") = "13", "13", "{80C6F868-652E-3506-819E-67771651A6BE}"
EndProject
Project("{2150E333-8FDC-42A3-9474-1A3956D46DE8}") = "14", "14", "{D704642B-9386-F740-0912-E7DF22E0560D}"
EndProject
Project("{2150E333-8FDC-42A3-9474-1A3956D46DE8}") = "15", "15", "{3F5BAF70-C710-D0DB-4BA6-29C4E70EAFDC}"
EndProject
Project("{2150E333-8FDC-42A3-9474-1A3956D46DE8}") = "2", "2", "{866B4B86-2725-01BA-720B-3791BFA54003}"
EndProject
Project("{2150E333-8FDC-42A3-9474-1A3956D46DE8}") = "3", "3", "{1FAAAE86-D2AC-6F42-476C-C95ECADA8BA3}"
EndProject
Project("{2150E333-8FDC-42A3-9474-1A3956D46DE8}") = "4", "4", "{0CCA115D-9C64-4D09-68B4-C270E15919F5}"
EndProject
Project("{2150E333-8FDC-42A3-9474-1A3956D46DE8}") = "5", "5", "{9BE8FA8C-058A-65E8-A0EC-C227E0F17A36}"
EndProject
Project("{2150E333-8FDC-42A3-9474-1A3956D46DE8}") = "6", "6", "{60B23565-B480-25E2-60F7-72B4D1C98041}"
EndProject
Project("{2150E333-8FDC-42A3-9474-1A3956D46DE8}") = "7", "7", "{D479026C-CB03-80C5-7914-946047BC43F3}"
EndProject
Project("{2150E333-8FDC-42A3-9474-1A3956D46DE8}") = "8", "8", "{3672CF7B-CC8D-D2D3-AFC6-325A33316845}"
EndProject
Project("{2150E333-8FDC-42A3-9474-1A3956D46DE8}") = "9", "9", "{E051B06B-3FA6-B75E-2EE6-EC325D2B8949}"
EndProject
Project("{FAE04EC0-301F-11D3-BF4B-00C04F79EFBC}") = "ConsoleApp1", "1\ConsoleApp1\ConsoleApp1.csproj", "{A78A88AB-B30C-DF59-9148-18CC85C61BDF}"
EndProject
Project("{FAE04EC0-301F-11D3-BF4B-00C04F79EFBC}") = "ConsoleApp10", "10\ConsoleApp10\ConsoleApp10.csproj", "{77019147-7DDA-6F4E-81E9-458996FEC5B6}"
EndProject
Project("{FAE04EC0-301F-11D3-BF4B-00C04F79EFBC}") = "ConsoleApp11", "11\ConsoleApp11\ConsoleApp11.csproj", "{0D1A43DB-E070-A704-1AA1-C7A5A82B1CFF}"
EndProject
Project("{FAE04EC0-301F-11D3-BF4B-00C04F79EFBC}") = "ConsoleApp12", "12\ConsoleApp12\ConsoleApp12.csproj", "{F40931DF-804D-FBAF-9B78-42D65B127ABA}"
EndProject
Project("{FAE04EC0-301F-11D3-BF4B-00C04F79EFBC}") = "ConsoleApp13", "13\ConsoleApp13\ConsoleApp13.csproj", "{A917E9A5-F220-715B-ADB5-7177E5410F2D}"
EndProject
Project("{FAE04EC0-301F-11D3-BF4B-00C04F79EFBC}") = "ConsoleApp14", "14\ConsoleApp14\ConsoleApp14.csproj", "{2AFA1B37-3C6C-CE1D-BE3E-1B3BBBE087FE}"
EndProject
Project("{FAE04EC0-301F-11D3-BF4B-00C04F79EFBC}") = "ConsoleApp15", "15\ConsoleApp15\ConsoleApp15.csproj", "{688C3E44-33F5-E0D7-8597-E3B67D34582A}"
EndProject
Project("{FAE04EC0-301F-11D3-BF4B-00C04F79EFBC}") = "ConsoleApp2", "2\ConsoleApp2\ConsoleApp2.csproj", "{2BEFE763-49E4-FE81-BF41-7F51C6FDA4B5}"
EndProject
Project("{FAE04EC0-301F-11D3-BF4B-00C04F79EFBC}") = "ConsoleApp3", "3\ConsoleApp3\ConsoleApp3.csproj", "{70069A71-2616-FD8A-D444-67AAD8E86EFE}"
EndProject
Project("{FAE04EC0-301F-11D3-BF4B-00C04F79EFBC}") = "ConsoleApp4", "4\ConsoleApp4\ConsoleApp4.csproj", "{6D77E090-EFA8-3F32-4419-2AB0690AA03F}"
EndProject
Project("{FAE04EC0-301F-11D3-BF4B-00C04F79EFBC}") = "ConsoleApp5", "5\ConsoleApp5\ConsoleApp5.csproj", "{627EF515-FD12-88C0-D7E4-F90AD003DB66}"
EndProject
Project("{FAE04EC0-301F-11D3-BF4B-00C04F79EFBC}") = "ConsoleApp6", "6\ConsoleApp6\ConsoleApp6.csproj", "{9C60FE70-A734-2925-785B-28BA3132F70B}"
EndProject
Project("{FAE04EC0-301F-11D3-BF4B-00C04F79EFBC}") = "ConsoleApp7", "7\ConsoleApp7\ConsoleApp7.csproj", "{DE407445-C06C-9274-5E4A-06AFBFD5E634}"
EndProject
Project("{FAE04EC0-301F-11D3-BF4B-00C04F79EFBC}") = "ConsoleApp8", "8\ConsoleApp8\ConsoleApp8.csproj", "{5840F7EC-5113-48D7-075F-FE5C7FAF176C}"
EndProject
Project("{FAE04EC0-301F-11D3-BF4B-00C04F79EFBC}") = "ConsoleApp9", "9\ConsoleApp9\ConsoleApp9.csproj", "{F8C95754-89A0-CE5A-BC89-578E51440CAF}"
EndProject
Global
	GlobalSection(SolutionConfigurationPlatforms) = preSolution
		Debug|Any CPU = Debug|Any CPU
		Release|Any CPU = Release|Any CPU
	EndGlobalSection
	GlobalSection(ProjectConfigurationPlatforms) = postSolution
		{A78A88AB-B30C-DF59-9148-18CC85C61BDF}.Debug|Any CPU.ActiveCfg = Debug|Any CPU
		{A78A88AB-B30C-DF59-9148-18CC85C61BDF}.Debug|Any CPU.Build.0 = Debug|Any CPU
		{A78A88AB-B30C-DF59-9148-18CC85C61BDF}.Release|Any CPU.ActiveCfg = Release|Any CPU
		{A78A88AB-B30C-DF59-9148-18CC85C61BDF}.Release|Any CPU.Build.0 = Release|Any CPU
		{77019147-7DDA-6F4E-81E9-458996FEC5B6}.Debug|Any CPU.ActiveCfg = Debug|Any CPU
		{77019147-7DDA-6F4E-81E9-458996FEC5B6}.Debug|Any CPU.Build.0 = Debug|Any CPU
		{77019147-7DDA-6F4E-81E9-458996FEC5B6}.Release|Any CPU.ActiveCfg = Release|Any CPU
		{77019147-7DDA-6F4E-81E9-458996FEC5B6}.Release|Any CPU.Build.0 = Release|Any CPU
		{0D1A43DB-E070-A704-1AA1-C7A5A82B1CFF}.Debug|Any CPU.ActiveCfg = Debug|Any CPU
		{0D1A43DB-E070-A704-1AA1-C7A5A82B1CFF}.Debug|Any CPU.Build.0 = Debug|Any CPU
		{0D1A43DB-E070-A704-1AA1-C7A5A82B1CFF}.Release|Any CPU.ActiveCfg = Release|Any CPU
		{0D1A43DB-E070-A704-1AA1-C7A5A82B1CFF}.Release|Any CPU.Build.0 = Release|Any CPU
		{F40931DF-804D-FBAF-9B78-42D65B127ABA}.Debug|Any CPU.ActiveCfg = Debug|Any CPU
		{F40931DF-804D-FBAF-9B78-42D65B127ABA}.Debug|Any CPU.Build.0 = Debug|Any CPU
		{F40931DF-804D-FBAF-9B78-42D65B127ABA}.Release|Any CPU.ActiveCfg = Release|Any CPU
		{F40931DF-804D-FBAF-9B78-42D65B127ABA}.Release|Any CPU.Build.0 = Release|Any CPU
		{A917E9A5-F220-715B-ADB5-7177E5410F2D}.Debug|Any CPU.ActiveCfg = Debug|Any CPU
		{A917E9A5-F220-715B-ADB5-7177E5410F2D}.Debug|Any CPU.Build.0 = Debug|Any CPU
		{A917E9A5-F220-715B-ADB5-7177E5410F2D}.Release|Any CPU.ActiveCfg = Release|Any CPU
		{A917E9A5-F220-715B-ADB5-7177E5410F2D}.Release|Any CPU.Build.0 = Release|Any CPU
		{2AFA1B37-3C6C-CE1D-BE3E-1B3BBBE087FE}.Debug|Any CPU.ActiveCfg = Debug|Any CPU
		{2AFA1B37-3C6C-CE1D-BE3E-1B3BBBE087FE}.Debug|Any CPU.Build.0 = Debug|Any CPU
		{2AFA1B37-3C6C-CE1D-BE3E-1B3BBBE087FE}.Release|Any CPU.ActiveCfg = Release|Any CPU
		{2AFA1B37-3C6C-CE1D-BE3E-1B3BBBE087FE}.Release|Any CPU.Build.0 = Release|Any CPU
		{688C3E44-33F5-E0D7-8597-E3B67D34582A}.Debug|Any CPU.ActiveCfg = Debug|Any CPU
		{688C3E44-33F5-E0D7-8597-E3B67D34582A}.Debug|Any CPU.Build.0 = Debug|Any CPU
		{688C3E44-33F5-E0D7-8597-E3B67D34582A}.Release|Any CPU.ActiveCfg = Release|Any CPU
		{688C3E44-33F5-E0D7-8597-E3B67D34582A}.Release|Any CPU.Build.0 = Release|Any CPU
		{2BEFE763-49E4-FE81-BF41-7F51C6FDA4B5}.Debug|Any CPU.ActiveCfg = Debug|Any CPU
		{2BEFE763-49E4-FE81-BF41-7F51C6FDA4B5}.Debug|Any CPU.Build.0 = Debug|Any CPU
		{2BEFE763-49E4-FE81-BF41-7F51C6FDA4B5}.Release|Any CPU.ActiveCfg = Release|Any CPU
		{2BEFE763-49E4-FE81-BF41-7F51C6FDA4B5}.Release|Any CPU.Build.0 = Release|Any CPU
		{70069A71-2616-FD8A-D444-67AAD8E86EFE}.Debug|Any CPU.ActiveCfg = Debug|Any CPU
		{70069A71-2616-FD8A-D444-67AAD8E86EFE}.Debug|Any CPU.Build.0 = Debug|Any CPU
		{70069A71-2616-FD8A-D444-67AAD8E86EFE}.Release|Any CPU.ActiveCfg = Release|Any CPU
		{70069A71-2616-FD8A-D444-67AAD8E86EFE}.Release|Any CPU.Build.0 = Release|Any CPU
		{6D77E090-EFA8-3F32-4419-2AB0690AA03F}.Debug|Any CPU.ActiveCfg = Debug|Any CPU
		{6D77E090-EFA8-3F32-4419-2AB0690AA03F}.Debug|Any CPU.Build.0 = Debug|Any CPU
		{6D77E090-EFA8-3F32-4419-2AB0690AA03F}.Release|Any CPU.ActiveCfg = Release|Any CPU
		{6D77E090-EFA8-3F32-4419-2AB0690AA03F}.Release|Any CPU.Build.0 = Release|Any CPU
		{627EF515-FD12-88C0-D7E4-F90AD003DB66}.Debug|Any CPU.ActiveCfg = Debug|Any CPU
		{627EF515-FD12-88C0-D7E4-F90AD003DB66}.Debug|Any CPU.Build.0 = Debug|Any CPU
		{627EF515-FD12-88C0-D7E4-F90AD003DB66}.Release|Any CPU.ActiveCfg = Release|Any CPU
		{627EF515-FD12-88C0-D7E4-F90AD003DB66}.Release|Any CPU.Build.0 = Release|Any CPU
		{9C60FE70-A734-2925-785B-28BA3132F70B}.Debug|Any CPU.ActiveCfg = Debug|Any CPU
		{9C60FE70-A734-2925-785B-28BA3132F70B}.Debug|Any CPU.Build.0 = Debug|Any CPU
		{9C60FE70-A734-2925-785B-28BA3132F70B}.Release|Any CPU.ActiveCfg = Release|Any CPU
		{9C60FE70-A734-2925-785B-28BA3132F70B}.Release|Any CPU.Build.0 = Release|Any CPU
		{DE407445-C06C-9274-5E4A-06AFBFD5E634}.Debug|Any CPU.ActiveCfg = Debug|Any CPU
		{DE407445-C06C-9274-5E4A-06AFBFD5E634}.Debug|Any CPU.Build.0 = Debug|Any CPU
		{DE407445-C06C-9274-5E4A-06AFBFD5E634}.Release|Any CPU.ActiveCfg = Release|Any CPU
		{DE407445-C06C-9274-5E4A-06AFBFD5E634}.Release|Any CPU.Build.0 = Release|Any CPU
		{5840F7EC-5113-48D7-075F-FE5C7FAF176C}.Debug|Any CPU.ActiveCfg = Debug|Any CPU
		{5840F7EC-5113-48D7-075F-FE5C7FAF176C}.Debug|Any CPU.Build.0 = Debug|Any CPU
		{5840F7EC-5113-48D7-075F-FE5C7FAF176C}.Release|Any CPU.ActiveCfg = Release|Any CPU
		{5840F7EC-5113-48D7-075F-FE5C7FAF176C}.Release|Any CPU.Build.0 = Release|Any CPU
		{F8C95754-89A0-CE5A-BC89-578E51440CAF}.Debug|Any CPU.ActiveCfg = Debug|Any CPU
		{F8C95754-89A0-CE5A-BC89-578E51440CAF}.Debug|Any CPU.Build.0 = Debug|Any CPU
		{F8C95754-89A0-CE5A-BC89-578E51440CAF}.Release|Any CPU.ActiveCfg = Release|Any CPU
		{F8C95754-89A0-CE5A-BC89-578E51440CAF}.Release|Any CPU.Build.0 = Release|Any CPU
	EndGlobalSection
	GlobalSection(SolutionProperties) = preSolution
		HideSolutionNode = FALSE
	EndGlobalSection
	GlobalSection(NestedProjects) = preSolution
		{A78A88AB-B30C-DF59-9148-18CC85C61BDF} = {449797D3-9F3B-7CFB-E584-21C71A569BC5}
		{77019147-7DDA-6F4E-81E9-458996FEC5B6} = {43248F13-1DCA-5F22-26C1-D82CF8A76A70}
		{0D1A43DB-E070-A704-1AA1-C7A5A82B1CFF} = {1864D61D-C755-22EE-C80E-6F847A25EF3E}
		{F40931DF-804D-FBAF-9B78-42D65B127ABA} = {8E546C1F-B761-C9BA-A18F-7677E224EB7B}
		{A917E9A5-F220-715B-ADB5-7177E5410F2D} = {80C6F868-652E-3506-819E-67771651A6BE}
		{2AFA1B37-3C6C-CE1D-BE3E-1B3BBBE087FE} = {D704642B-9386-F740-0912-E7DF22E0560D}
		{688C3E44-33F5-E0D7-8597-E3B67D34582A} = {3F5BAF70-C710-D0DB-4BA6-29C4E70EAFDC}
		{2BEFE763-49E4-FE81-BF41-7F51C6FDA4B5} = {866B4B86-2725-01BA-720B-3791BFA54003}
		{70069A71-2616-FD8A-D444-67AAD8E86EFE} = {1FAAAE86-D2AC-6F42-476C-C95ECADA8BA3}
		{6D77E090-EFA8-3F32-4419-2AB0690AA03F} = {0CCA115D-9C64-4D09-68B4-C270E15919F5}
		{627EF515-FD12-88C0-D7E4-F90AD003DB66} = {9BE8FA8C-058A-65E8-A0EC-C227E0F17A36}
		{9C60FE70-A734-2925-785B-28BA3132F70B} = {60B23565-B480-25E2-60F7-72B4D1C98041}
		{DE407445-C06C-9274-5E4A-06AFBFD5E634} = {D479026C-CB03-80C5-7914-946047BC43F3}
		{5840F7EC-5113-48D7-075F-FE5C7FAF176C} = {3672CF7B-CC8D-D2D3-AFC6-325A33316845}
		{F8C95754-89A0-CE5A-BC89-578E51440CAF} = {E051B06B-3FA6-B75E-2EE6-EC325D2B8949}
	EndGlobalSection
	GlobalSection(ExtensibilityGlobals) = postSolution
		SolutionGuid = {3E0A9D1F-1C54-446C-A0BA-89A842C71FFE}
	EndGlobalSection
EndGlobal
